
Microsoft Visual Studio Solution File, Format Version 12.00
# Visual Studio Version 16
VisualStudioVersion = 16.0.34031.81
MinimumVisualStudioVersion = 10.0.40219.1
Project("{2150E333-8FDC-42A3-9474-1A3956D46DE8}") = "Task0", "Task0", "{F4FD8A54-B389-44D3-A72E-82934CCE9372}"
EndProject
Project("{FAE04EC0-301F-11D3-BF4B-00C04F79EFBC}") = "Tyuiu.ChepurnykhSR.Sprint3.Task0.V13", "Tyuiu.ChepurnykhSR.Sprint3.Task0.V13\Tyuiu.ChepurnykhSR.Sprint3.Task0.V13.csproj", "{DDC2B369-5BF1-40B6-857C-579C1F6A2ADD}"
EndProject
Project("{FAE04EC0-301F-11D3-BF4B-00C04F79EFBC}") = "Tyuiu.ChepurnykhSR.Sprint3.Task0.V13.Lib", "Tyuiu.ChepurnykhSR.Sprint3.Task0.V13.Lib\Tyuiu.ChepurnykhSR.Sprint3.Task0.V13.Lib.csproj", "{3C2FF902-F9F8-4CC8-8B5D-38D7C5DCD8AF}"
EndProject
Project("{FAE04EC0-301F-11D3-BF4B-00C04F79EFBC}") = "Tyuiu.ChepurnykhSR.Sprint3.Task0.V13.Test", "Tyuiu.ChepurnykhSR.Sprint3.Task0.V13.Test\Tyuiu.ChepurnykhSR.Sprint3.Task0.V13.Test.csproj", "{E207EC43-1E2F-4D68-BFA6-D4E0C697DBB0}"
EndProject
Project("{2150E333-8FDC-42A3-9474-1A3956D46DE8}") = "Task1", "Task1", "{0ECA1C1A-7FF6-4A34-B0FB-3C19D5042CA8}"
EndProject
Project("{FAE04EC0-301F-11D3-BF4B-00C04F79EFBC}") = "Tyuiu.ChepurnykhSR.Sprint3.Task1.V21", "Tyuiu.ChepurnykhSR.Sprint3.Task1.V21\Tyuiu.ChepurnykhSR.Sprint3.Task1.V21.csproj", "{DE02A4E3-166C-435E-B0EE-33424783B3C7}"
EndProject
Project("{FAE04EC0-301F-11D3-BF4B-00C04F79EFBC}") = "Tyuiu.ChepurnykhSR.Sprint3.Task1.V21.Lib", "Tyuiu.ChepurnykhSR.Sprint3.Task1.V21.Lib\Tyuiu.ChepurnykhSR.Sprint3.Task1.V21.Lib.csproj", "{FBEE6F1F-4A31-46D3-B4F8-4BA29BDAEFB2}"
EndProject
Project("{FAE04EC0-301F-11D3-BF4B-00C04F79EFBC}") = "Tyuiu.ChepurnykhSR.Sprint3.Task1.V21.Test", "Tyuiu.ChepurnykhSR.Sprint3.Task1.V21.Test\Tyuiu.ChepurnykhSR.Sprint3.Task1.V21.Test.csproj", "{942BEAC5-EE40-431B-9EB5-9791EBBD62E6}"
EndProject
Project("{2150E333-8FDC-42A3-9474-1A3956D46DE8}") = "Task2", "Task2", "{7A2AE2B6-E188-4804-931E-D761A3B72BE3}"
EndProject
Project("{FAE04EC0-301F-11D3-BF4B-00C04F79EFBC}") = "Tyuiu.ChepurnykhSR.Sprint3.Task2.V18", "Tyuiu.ChepurnykhSR.Sprint3.Task2.V18\Tyuiu.ChepurnykhSR.Sprint3.Task2.V18.csproj", "{31BE61EE-F9E3-4AD3-B871-4E358652697F}"
EndProject
Project("{FAE04EC0-301F-11D3-BF4B-00C04F79EFBC}") = "Tyuiu.ChepurnykhSR.Sprint3.Task2.V18.Lib", "Tyuiu.ChepurnykhSR.Sprint3.Task2.V18.Lib\Tyuiu.ChepurnykhSR.Sprint3.Task2.V18.Lib.csproj", "{35020260-44C9-42D9-84D6-6B874DAF1719}"
EndProject
Project("{FAE04EC0-301F-11D3-BF4B-00C04F79EFBC}") = "Tyuiu.ChepurnykhSR.Sprint3.Task2.V18.Test", "Tyuiu.ChepurnykhSR.Sprint3.Task2.V18.Test\Tyuiu.ChepurnykhSR.Sprint3.Task2.V18.Test.csproj", "{3812446E-3744-4D19-AA04-F732399E2FD6}"
EndProject
Project("{2150E333-8FDC-42A3-9474-1A3956D46DE8}") = "Task3", "Task3", "{09D29AB0-E52A-44EE-AACC-FD95CF519EE5}"
EndProject
Project("{FAE04EC0-301F-11D3-BF4B-00C04F79EFBC}") = "Tyuiu.ChepurnykhSR.Sprint3.Task3.V6", "Tyuiu.ChepurnykhSR.Sprint3.Task3.V6\Tyuiu.ChepurnykhSR.Sprint3.Task3.V6.csproj", "{2D92890E-5A55-4048-A594-B324BDA30180}"
EndProject
Project("{FAE04EC0-301F-11D3-BF4B-00C04F79EFBC}") = "Tyuiu.ChepurnykhSR.Sprint3.Task3.V6.Lib", "Tyuiu.ChepurnykhSR.Sprint3.Task3.V6.Lib\Tyuiu.ChepurnykhSR.Sprint3.Task3.V6.Lib.csproj", "{6CC8398B-D6EF-406F-AA55-4BF7580C940C}"
EndProject
Project("{FAE04EC0-301F-11D3-BF4B-00C04F79EFBC}") = "Tyuiu.ChepurnykhSR.Sprint3.Task3.V6.Test", "Tyuiu.ChepurnykhSR.Sprint3.Task3.V6.Test\Tyuiu.ChepurnykhSR.Sprint3.Task3.V6.Test.csproj", "{EDAE6363-E563-42E6-8F4E-22E3570ED5D5}"
EndProject
Project("{2150E333-8FDC-42A3-9474-1A3956D46DE8}") = "Task4", "Task4", "{D0B3D860-6BA8-4F12-915F-43A67DCFACFC}"
EndProject
Project("{FAE04EC0-301F-11D3-BF4B-00C04F79EFBC}") = "Tyuiu.ChepurnykhSR.Sprint3.Task4.V5", "Tyuiu.ChepurnykhSR.Sprint3.Task4.V5\Tyuiu.ChepurnykhSR.Sprint3.Task4.V5.csproj", "{875F730B-2ACE-406D-9016-914619161578}"
EndProject
Project("{FAE04EC0-301F-11D3-BF4B-00C04F79EFBC}") = "Tyuiu.ChepurnykhSR.Sprint3.Task4.V5.Lib", "Tyuiu.ChepurnykhSR.Sprint3.Task4.V5.Lib\Tyuiu.ChepurnykhSR.Sprint3.Task4.V5.Lib.csproj", "{17250A32-3231-4B65-8813-6A8380B06434}"
EndProject
Project("{FAE04EC0-301F-11D3-BF4B-00C04F79EFBC}") = "Tyuiu.ChepurnykhSR.Sprint3.Task4.V5.Test", "Tyuiu.ChepurnykhSR.Sprint3.Task4.V5.Test\Tyuiu.ChepurnykhSR.Sprint3.Task4.V5.Test.csproj", "{94A1CDD0-438B-4CC7-B28D-2E65CF86D514}"
EndProject
Project("{2150E333-8FDC-42A3-9474-1A3956D46DE8}") = "Task5", "Task5", "{58BEAC8F-59FE-4C6C-9233-7C79147A7306}"
EndProject
Project("{FAE04EC0-301F-11D3-BF4B-00C04F79EFBC}") = "Tyuiu.ChepurnykhSR.Sprint3.Task5.V20", "Tyuiu.ChepurnykhSR.Sprint3.Task5.V20\Tyuiu.ChepurnykhSR.Sprint3.Task5.V20.csproj", "{72F3EAD1-C95F-40D3-ADC1-E92AF0877BFA}"
EndProject
Project("{FAE04EC0-301F-11D3-BF4B-00C04F79EFBC}") = "Tyuiu.ChepurnykhSR.Sprint3.Task5.V20.Lib", "Tyuiu.ChepurnykhSR.Sprint3.Task5.V20.Lib\Tyuiu.ChepurnykhSR.Sprint3.Task5.V20.Lib.csproj", "{033FA3A3-34AD-4E63-B99A-DB94E02F590F}"
EndProject
Project("{FAE04EC0-301F-11D3-BF4B-00C04F79EFBC}") = "Tyuiu.ChepurnykhSR.Sprint3.Task5.V20.Test", "Tyuiu.ChepurnykhSR.Sprint3.Task5.V20.Test\Tyuiu.ChepurnykhSR.Sprint3.Task5.V20.Test.csproj", "{7ADDC656-8142-4EF2-BA0A-562252F411CE}"
EndProject
Project("{2150E333-8FDC-42A3-9474-1A3956D46DE8}") = "Task6", "Task6", "{BEA8819D-90A5-4B13-8A9E-F14852D5621E}"
EndProject
Project("{FAE04EC0-301F-11D3-BF4B-00C04F79EFBC}") = "Tyuiu.ChepurnykhSR.Sprint3.Task6.V19", "Tyuiu.ChepurnykhSR.Sprint3.Task6.V19\Tyuiu.ChepurnykhSR.Sprint3.Task6.V19.csproj", "{B646DBF5-0623-44C7-BB28-644DDD95BDD4}"
EndProject
Project("{FAE04EC0-301F-11D3-BF4B-00C04F79EFBC}") = "Tyuiu.ChepurnykhSR.Sprint3.Task6.V19.Lib", "Tyuiu.ChepurnykhSR.Sprint3.Task6.V19.Lib\Tyuiu.ChepurnykhSR.Sprint3.Task6.V19.Lib.csproj", "{180B661C-1DC4-4BAB-9B98-1B18ED84F88A}"
EndProject
Project("{FAE04EC0-301F-11D3-BF4B-00C04F79EFBC}") = "Tyuiu.ChepurnykhSR.Sprint3.Task6.V19.Test", "Tyuiu.ChepurnykhSR.Sprint3.Task6.V19.Test\Tyuiu.ChepurnykhSR.Sprint3.Task6.V19.Test.csproj", "{721DE499-466A-4154-A924-C51721CDFCAF}"
EndProject
Global
	GlobalSection(SolutionConfigurationPlatforms) = preSolution
		Debug|Any CPU = Debug|Any CPU
		Release|Any CPU = Release|Any CPU
	EndGlobalSection
	GlobalSection(ProjectConfigurationPlatforms) = postSolution
		{DDC2B369-5BF1-40B6-857C-579C1F6A2ADD}.Debug|Any CPU.ActiveCfg = Debug|Any CPU
		{DDC2B369-5BF1-40B6-857C-579C1F6A2ADD}.Debug|Any CPU.Build.0 = Debug|Any CPU
		{DDC2B369-5BF1-40B6-857C-579C1F6A2ADD}.Release|Any CPU.ActiveCfg = Release|Any CPU
		{DDC2B369-5BF1-40B6-857C-579C1F6A2ADD}.Release|Any CPU.Build.0 = Release|Any CPU
		{3C2FF902-F9F8-4CC8-8B5D-38D7C5DCD8AF}.Debug|Any CPU.ActiveCfg = Debug|Any CPU
		{3C2FF902-F9F8-4CC8-8B5D-38D7C5DCD8AF}.Debug|Any CPU.Build.0 = Debug|Any CPU
		{3C2FF902-F9F8-4CC8-8B5D-38D7C5DCD8AF}.Release|Any CPU.ActiveCfg = Release|Any CPU
		{3C2FF902-F9F8-4CC8-8B5D-38D7C5DCD8AF}.Release|Any CPU.Build.0 = Release|Any CPU
		{E207EC43-1E2F-4D68-BFA6-D4E0C697DBB0}.Debug|Any CPU.ActiveCfg = Debug|Any CPU
		{E207EC43-1E2F-4D68-BFA6-D4E0C697DBB0}.Debug|Any CPU.Build.0 = Debug|Any CPU
		{E207EC43-1E2F-4D68-BFA6-D4E0C697DBB0}.Release|Any CPU.ActiveCfg = Release|Any CPU
		{E207EC43-1E2F-4D68-BFA6-D4E0C697DBB0}.Release|Any CPU.Build.0 = Release|Any CPU
		{DE02A4E3-166C-435E-B0EE-33424783B3C7}.Debug|Any CPU.ActiveCfg = Debug|Any CPU
		{DE02A4E3-166C-435E-B0EE-33424783B3C7}.Debug|Any CPU.Build.0 = Debug|Any CPU
		{DE02A4E3-166C-435E-B0EE-33424783B3C7}.Release|Any CPU.ActiveCfg = Release|Any CPU
		{DE02A4E3-166C-435E-B0EE-33424783B3C7}.Release|Any CPU.Build.0 = Release|Any CPU
		{FBEE6F1F-4A31-46D3-B4F8-4BA29BDAEFB2}.Debug|Any CPU.ActiveCfg = Debug|Any CPU
		{FBEE6F1F-4A31-46D3-B4F8-4BA29BDAEFB2}.Debug|Any CPU.Build.0 = Debug|Any CPU
		{FBEE6F1F-4A31-46D3-B4F8-4BA29BDAEFB2}.Release|Any CPU.ActiveCfg = Release|Any CPU
		{FBEE6F1F-4A31-46D3-B4F8-4BA29BDAEFB2}.Release|Any CPU.Build.0 = Release|Any CPU
		{942BEAC5-EE40-431B-9EB5-9791EBBD62E6}.Debug|Any CPU.ActiveCfg = Debug|Any CPU
		{942BEAC5-EE40-431B-9EB5-9791EBBD62E6}.Debug|Any CPU.Build.0 = Debug|Any CPU
		{942BEAC5-EE40-431B-9EB5-9791EBBD62E6}.Release|Any CPU.ActiveCfg = Release|Any CPU
		{942BEAC5-EE40-431B-9EB5-9791EBBD62E6}.Release|Any CPU.Build.0 = Release|Any CPU
		{31BE61EE-F9E3-4AD3-B871-4E358652697F}.Debug|Any CPU.ActiveCfg = Debug|Any CPU
		{31BE61EE-F9E3-4AD3-B871-4E358652697F}.Debug|Any CPU.Build.0 = Debug|Any CPU
		{31BE61EE-F9E3-4AD3-B871-4E358652697F}.Release|Any CPU.ActiveCfg = Release|Any CPU
		{31BE61EE-F9E3-4AD3-B871-4E358652697F}.Release|Any CPU.Build.0 = Release|Any CPU
		{35020260-44C9-42D9-84D6-6B874DAF1719}.Debug|Any CPU.ActiveCfg = Debug|Any CPU
		{35020260-44C9-42D9-84D6-6B874DAF1719}.Debug|Any CPU.Build.0 = Debug|Any CPU
		{35020260-44C9-42D9-84D6-6B874DAF1719}.Release|Any CPU.ActiveCfg = Release|Any CPU
		{35020260-44C9-42D9-84D6-6B874DAF1719}.Release|Any CPU.Build.0 = Release|Any CPU
		{3812446E-3744-4D19-AA04-F732399E2FD6}.Debug|Any CPU.ActiveCfg = Debug|Any CPU
		{3812446E-3744-4D19-AA04-F732399E2FD6}.Debug|Any CPU.Build.0 = Debug|Any CPU
		{3812446E-3744-4D19-AA04-F732399E2FD6}.Release|Any CPU.ActiveCfg = Release|Any CPU
		{3812446E-3744-4D19-AA04-F732399E2FD6}.Release|Any CPU.Build.0 = Release|Any CPU
		{2D92890E-5A55-4048-A594-B324BDA30180}.Debug|Any CPU.ActiveCfg = Debug|Any CPU
		{2D92890E-5A55-4048-A594-B324BDA30180}.Debug|Any CPU.Build.0 = Debug|Any CPU
		{2D92890E-5A55-4048-A594-B324BDA30180}.Release|Any CPU.ActiveCfg = Release|Any CPU
		{2D92890E-5A55-4048-A594-B324BDA30180}.Release|Any CPU.Build.0 = Release|Any CPU
		{6CC8398B-D6EF-406F-AA55-4BF7580C940C}.Debug|Any CPU.ActiveCfg = Debug|Any CPU
		{6CC8398B-D6EF-406F-AA55-4BF7580C940C}.Debug|Any CPU.Build.0 = Debug|Any CPU
		{6CC8398B-D6EF-406F-AA55-4BF7580C940C}.Release|Any CPU.ActiveCfg = Release|Any CPU
		{6CC8398B-D6EF-406F-AA55-4BF7580C940C}.Release|Any CPU.Build.0 = Release|Any CPU
		{EDAE6363-E563-42E6-8F4E-22E3570ED5D5}.Debug|Any CPU.ActiveCfg = Debug|Any CPU
		{EDAE6363-E563-42E6-8F4E-22E3570ED5D5}.Debug|Any CPU.Build.0 = Debug|Any CPU
		{EDAE6363-E563-42E6-8F4E-22E3570ED5D5}.Release|Any CPU.ActiveCfg = Release|Any CPU
		{EDAE6363-E563-42E6-8F4E-22E3570ED5D5}.Release|Any CPU.Build.0 = Release|Any CPU
		{875F730B-2ACE-406D-9016-914619161578}.Debug|Any CPU.ActiveCfg = Debug|Any CPU
		{875F730B-2ACE-406D-9016-914619161578}.Debug|Any CPU.Build.0 = Debug|Any CPU
		{875F730B-2ACE-406D-9016-914619161578}.Release|Any CPU.ActiveCfg = Release|Any CPU
		{875F730B-2ACE-406D-9016-914619161578}.Release|Any CPU.Build.0 = Release|Any CPU
		{17250A32-3231-4B65-8813-6A8380B06434}.Debug|Any CPU.ActiveCfg = Debug|Any CPU
		{17250A32-3231-4B65-8813-6A8380B06434}.Debug|Any CPU.Build.0 = Debug|Any CPU
		{17250A32-3231-4B65-8813-6A8380B06434}.Release|Any CPU.ActiveCfg = Release|Any CPU
		{17250A32-3231-4B65-8813-6A8380B06434}.Release|Any CPU.Build.0 = Release|Any CPU
		{94A1CDD0-438B-4CC7-B28D-2E65CF86D514}.Debug|Any CPU.ActiveCfg = Debug|Any CPU
		{94A1CDD0-438B-4CC7-B28D-2E65CF86D514}.Debug|Any CPU.Build.0 = Debug|Any CPU
		{94A1CDD0-438B-4CC7-B28D-2E65CF86D514}.Release|Any CPU.ActiveCfg = Release|Any CPU
		{94A1CDD0-438B-4CC7-B28D-2E65CF86D514}.Release|Any CPU.Build.0 = Release|Any CPU
		{72F3EAD1-C95F-40D3-ADC1-E92AF0877BFA}.Debug|Any CPU.ActiveCfg = Debug|Any CPU
		{72F3EAD1-C95F-40D3-ADC1-E92AF0877BFA}.Debug|Any CPU.Build.0 = Debug|Any CPU
		{72F3EAD1-C95F-40D3-ADC1-E92AF0877BFA}.Release|Any CPU.ActiveCfg = Release|Any CPU
		{72F3EAD1-C95F-40D3-ADC1-E92AF0877BFA}.Release|Any CPU.Build.0 = Release|Any CPU
		{033FA3A3-34AD-4E63-B99A-DB94E02F590F}.Debug|Any CPU.ActiveCfg = Debug|Any CPU
		{033FA3A3-34AD-4E63-B99A-DB94E02F590F}.Debug|Any CPU.Build.0 = Debug|Any CPU
		{033FA3A3-34AD-4E63-B99A-DB94E02F590F}.Release|Any CPU.ActiveCfg = Release|Any CPU
		{033FA3A3-34AD-4E63-B99A-DB94E02F590F}.Release|Any CPU.Build.0 = Release|Any CPU
		{7ADDC656-8142-4EF2-BA0A-562252F411CE}.Debug|Any CPU.ActiveCfg = Debug|Any CPU
		{7ADDC656-8142-4EF2-BA0A-562252F411CE}.Debug|Any CPU.Build.0 = Debug|Any CPU
		{7ADDC656-8142-4EF2-BA0A-562252F411CE}.Release|Any CPU.ActiveCfg = Release|Any CPU
		{7ADDC656-8142-4EF2-BA0A-562252F411CE}.Release|Any CPU.Build.0 = Release|Any CPU
		{B646DBF5-0623-44C7-BB28-644DDD95BDD4}.Debug|Any CPU.ActiveCfg = Debug|Any CPU
		{B646DBF5-0623-44C7-BB28-644DDD95BDD4}.Debug|Any CPU.Build.0 = Debug|Any CPU
		{B646DBF5-0623-44C7-BB28-644DDD95BDD4}.Release|Any CPU.ActiveCfg = Release|Any CPU
		{B646DBF5-0623-44C7-BB28-644DDD95BDD4}.Release|Any CPU.Build.0 = Release|Any CPU
		{180B661C-1DC4-4BAB-9B98-1B18ED84F88A}.Debug|Any CPU.ActiveCfg = Debug|Any CPU
		{180B661C-1DC4-4BAB-9B98-1B18ED84F88A}.Debug|Any CPU.Build.0 = Debug|Any CPU
		{180B661C-1DC4-4BAB-9B98-1B18ED84F88A}.Release|Any CPU.ActiveCfg = Release|Any CPU
		{180B661C-1DC4-4BAB-9B98-1B18ED84F88A}.Release|Any CPU.Build.0 = Release|Any CPU
		{721DE499-466A-4154-A924-C51721CDFCAF}.Debug|Any CPU.ActiveCfg = Debug|Any CPU
		{721DE499-466A-4154-A924-C51721CDFCAF}.Debug|Any CPU.Build.0 = Debug|Any CPU
		{721DE499-466A-4154-A924-C51721CDFCAF}.Release|Any CPU.ActiveCfg = Release|Any CPU
		{721DE499-466A-4154-A924-C51721CDFCAF}.Release|Any CPU.Build.0 = Release|Any CPU
	EndGlobalSection
	GlobalSection(SolutionProperties) = preSolution
		HideSolutionNode = FALSE
	EndGlobalSection
	GlobalSection(NestedProjects) = preSolution
		{DDC2B369-5BF1-40B6-857C-579C1F6A2ADD} = {F4FD8A54-B389-44D3-A72E-82934CCE9372}
		{3C2FF902-F9F8-4CC8-8B5D-38D7C5DCD8AF} = {F4FD8A54-B389-44D3-A72E-82934CCE9372}
		{E207EC43-1E2F-4D68-BFA6-D4E0C697DBB0} = {F4FD8A54-B389-44D3-A72E-82934CCE9372}
		{DE02A4E3-166C-435E-B0EE-33424783B3C7} = {0ECA1C1A-7FF6-4A34-B0FB-3C19D5042CA8}
		{FBEE6F1F-4A31-46D3-B4F8-4BA29BDAEFB2} = {0ECA1C1A-7FF6-4A34-B0FB-3C19D5042CA8}
		{942BEAC5-EE40-431B-9EB5-9791EBBD62E6} = {0ECA1C1A-7FF6-4A34-B0FB-3C19D5042CA8}
		{31BE61EE-F9E3-4AD3-B871-4E358652697F} = {7A2AE2B6-E188-4804-931E-D761A3B72BE3}
		{35020260-44C9-42D9-84D6-6B874DAF1719} = {7A2AE2B6-E188-4804-931E-D761A3B72BE3}
		{3812446E-3744-4D19-AA04-F732399E2FD6} = {7A2AE2B6-E188-4804-931E-D761A3B72BE3}
		{2D92890E-5A55-4048-A594-B324BDA30180} = {09D29AB0-E52A-44EE-AACC-FD95CF519EE5}
		{6CC8398B-D6EF-406F-AA55-4BF7580C940C} = {09D29AB0-E52A-44EE-AACC-FD95CF519EE5}
		{EDAE6363-E563-42E6-8F4E-22E3570ED5D5} = {09D29AB0-E52A-44EE-AACC-FD95CF519EE5}
		{875F730B-2ACE-406D-9016-914619161578} = {D0B3D860-6BA8-4F12-915F-43A67DCFACFC}
		{17250A32-3231-4B65-8813-6A8380B06434} = {D0B3D860-6BA8-4F12-915F-43A67DCFACFC}
		{94A1CDD0-438B-4CC7-B28D-2E65CF86D514} = {D0B3D860-6BA8-4F12-915F-43A67DCFACFC}
		{72F3EAD1-C95F-40D3-ADC1-E92AF0877BFA} = {58BEAC8F-59FE-4C6C-9233-7C79147A7306}
		{033FA3A3-34AD-4E63-B99A-DB94E02F590F} = {58BEAC8F-59FE-4C6C-9233-7C79147A7306}
		{7ADDC656-8142-4EF2-BA0A-562252F411CE} = {58BEAC8F-59FE-4C6C-9233-7C79147A7306}
		{B646DBF5-0623-44C7-BB28-644DDD95BDD4} = {BEA8819D-90A5-4B13-8A9E-F14852D5621E}
		{180B661C-1DC4-4BAB-9B98-1B18ED84F88A} = {BEA8819D-90A5-4B13-8A9E-F14852D5621E}
		{721DE499-466A-4154-A924-C51721CDFCAF} = {BEA8819D-90A5-4B13-8A9E-F14852D5621E}
	EndGlobalSection
	GlobalSection(ExtensibilityGlobals) = postSolution
		SolutionGuid = {E9059D72-B2C1-4BC8-BC24-873455A578A2}
	EndGlobalSection
EndGlobal
